
Microsoft Visual Studio Solution File, Format Version 11.00
# Visual C# Express 2010
Project("{FAE04EC0-301F-11D3-BF4B-00C04F79EFBC}") = "Static6", "Static6\Static6.csproj", "{27B9B7E4-EA34-453D-9FCC-8C67ECFB0FA8}"
EndProject
Global
	GlobalSection(SolutionConfigurationPlatforms) = preSolution
		Debug|x86 = Debug|x86
		Release|x86 = Release|x86
	EndGlobalSection
	GlobalSection(ProjectConfigurationPlatforms) = postSolution
		{27B9B7E4-EA34-453D-9FCC-8C67ECFB0FA8}.Debug|x86.ActiveCfg = Debug|x86
		{27B9B7E4-EA34-453D-9FCC-8C67ECFB0FA8}.Debug|x86.Build.0 = Debug|x86
		{27B9B7E4-EA34-453D-9FCC-8C67ECFB0FA8}.Release|x86.ActiveCfg = Release|x86
		{27B9B7E4-EA34-453D-9FCC-8C67ECFB0FA8}.Release|x86.Build.0 = Release|x86
	EndGlobalSection
	GlobalSection(SolutionProperties) = preSolution
		HideSolutionNode = FALSE
	EndGlobalSection
EndGlobal
